
Microsoft Visual Studio Solution File, Format Version 12.00
# Visual Studio Version 17
VisualStudioVersion = 17.14.36915.13 d17.14
MinimumVisualStudioVersion = 10.0.40219.1
Project("{FAE04EC0-301F-11D3-BF4B-00C04F79EFBC}") = "CineBit", "..\..\..\Dev\CSharp\Progetti\CineBit\CineBit\CineBit.csproj", "{B1DC94F4-11D2-1472-28D3-710F35892440}"
EndProject
Global
	GlobalSection(SolutionConfigurationPlatforms) = preSolution
		Debug|Any CPU = Debug|Any CPU
		Release|Any CPU = Release|Any CPU
	EndGlobalSection
	GlobalSection(ProjectConfigurationPlatforms) = postSolution
		{B1DC94F4-11D2-1472-28D3-710F35892440}.Debug|Any CPU.ActiveCfg = Debug|Any CPU
		{B1DC94F4-11D2-1472-28D3-710F35892440}.Debug|Any CPU.Build.0 = Debug|Any CPU
		{B1DC94F4-11D2-1472-28D3-710F35892440}.Release|Any CPU.ActiveCfg = Release|Any CPU
		{B1DC94F4-11D2-1472-28D3-710F35892440}.Release|Any CPU.Build.0 = Release|Any CPU
	EndGlobalSection
	GlobalSection(SolutionProperties) = preSolution
		HideSolutionNode = FALSE
	EndGlobalSection
	GlobalSection(ExtensibilityGlobals) = postSolution
		SolutionGuid = {25A9DD43-309C-4E63-AE5A-7BCF4D2F760F}
	EndGlobalSection
EndGlobal
